
Microsoft Visual Studio Solution File, Format Version 11.00
# Visual Studio 10
Project("{FAE04EC0-301F-11D3-BF4B-00C04F79EFBC}") = "NumberGuess", "NumberGuess\NumberGuess.csproj", "{48F7B1F2-6580-4E4E-9005-7C4429C9074D}"
EndProject
Global
	GlobalSection(SolutionConfigurationPlatforms) = preSolution
		Debug|Any CPU = Debug|Any CPU
		Release|Any CPU = Release|Any CPU
	EndGlobalSection
	GlobalSection(ProjectConfigurationPlatforms) = postSolution
		{48F7B1F2-6580-4E4E-9005-7C4429C9074D}.Debug|Any CPU.ActiveCfg = Debug|Any CPU
		{48F7B1F2-6580-4E4E-9005-7C4429C9074D}.Debug|Any CPU.Build.0 = Debug|Any CPU
		{48F7B1F2-6580-4E4E-9005-7C4429C9074D}.Release|Any CPU.ActiveCfg = Release|Any CPU
		{48F7B1F2-6580-4E4E-9005-7C4429C9074D}.Release|Any CPU.Build.0 = Release|Any CPU
	EndGlobalSection
	GlobalSection(SolutionProperties) = preSolution
		HideSolutionNode = FALSE
	EndGlobalSection
EndGlobal
